
Microsoft Visual Studio Solution File, Format Version 12.00
Project("{2150E333-8FDC-42A3-9474-1A3956D46DE8}") = "src", "src", "{95A5ADFA-AA2C-45A2-AE5D-625D92311DF9}"
EndProject
Project("{2150E333-8FDC-42A3-9474-1A3956D46DE8}") = "Faturamento", "Faturamento", "{41BA7F01-9B5A-4822-B371-65383AD26C67}"
EndProject
Project("{2150E333-8FDC-42A3-9474-1A3956D46DE8}") = "Estoque", "Estoque", "{100757EF-C881-478C-963C-E056C9C938DA}"
EndProject
Project("{FAE04EC0-301F-11D3-BF4B-00C04F79EFBC}") = "Estoque.API", "src\Estoque\Estoque.API\Estoque.API.csproj", "{C13AA27D-ECCA-4DFB-9AC2-C09078E47EA8}"
	ProjectSection(ProjectDependencies) = postProject
		{1CB3C52B-5091-4050-BE02-B187C96D5903} = {1CB3C52B-5091-4050-BE02-B187C96D5903}
		{DCA9928F-73F3-432A-AEB1-A93573817C3D} = {DCA9928F-73F3-432A-AEB1-A93573817C3D}
	EndProjectSection
EndProject
Project("{FAE04EC0-301F-11D3-BF4B-00C04F79EFBC}") = "Faturamento.API", "src\Faturamento\Faturamento.API\Faturamento.API.csproj", "{58F46DAC-720C-40CE-801C-296B41BAC3F5}"
	ProjectSection(ProjectDependencies) = postProject
		{6C237CD1-43DA-44BD-BB36-F4F0DAA9BE5B} = {6C237CD1-43DA-44BD-BB36-F4F0DAA9BE5B}
		{998D8285-84E4-4274-89D7-378326BABEE9} = {998D8285-84E4-4274-89D7-378326BABEE9}
	EndProjectSection
EndProject
Project("{FAE04EC0-301F-11D3-BF4B-00C04F79EFBC}") = "Estoque.Domain", "src\Estoque\Estoque.Domain\Estoque.Domain.csproj", "{CF28842E-92F4-4A74-B9FF-2D0896058C0E}"
EndProject
Project("{FAE04EC0-301F-11D3-BF4B-00C04F79EFBC}") = "Estoque.Application", "src\Estoque\Estoque.Application\Estoque.Application.csproj", "{1CB3C52B-5091-4050-BE02-B187C96D5903}"
	ProjectSection(ProjectDependencies) = postProject
		{CF28842E-92F4-4A74-B9FF-2D0896058C0E} = {CF28842E-92F4-4A74-B9FF-2D0896058C0E}
	EndProjectSection
EndProject
Project("{FAE04EC0-301F-11D3-BF4B-00C04F79EFBC}") = "Estoque.Infrastructure", "src\Estoque\Estoque.Infrastructure\Estoque.Infrastructure.csproj", "{DCA9928F-73F3-432A-AEB1-A93573817C3D}"
	ProjectSection(ProjectDependencies) = postProject
		{CF28842E-92F4-4A74-B9FF-2D0896058C0E} = {CF28842E-92F4-4A74-B9FF-2D0896058C0E}
	EndProjectSection
EndProject
Project("{FAE04EC0-301F-11D3-BF4B-00C04F79EFBC}") = "Faturamento.Domain", "src\Faturamento\Faturamento.Domain\Faturamento.Domain.csproj", "{D8C4BF91-96AB-4813-8806-CB1260915C18}"
EndProject
Project("{FAE04EC0-301F-11D3-BF4B-00C04F79EFBC}") = "Faturamento.Application", "src\Faturamento\Faturamento.Application\Faturamento.Application.csproj", "{6C237CD1-43DA-44BD-BB36-F4F0DAA9BE5B}"
	ProjectSection(ProjectDependencies) = postProject
		{D8C4BF91-96AB-4813-8806-CB1260915C18} = {D8C4BF91-96AB-4813-8806-CB1260915C18}
	EndProjectSection
EndProject
Project("{FAE04EC0-301F-11D3-BF4B-00C04F79EFBC}") = "Faturamento.Infrastructure", "src\Faturamento\Faturamento.Infrastructure\Faturamento.Infrastructure.csproj", "{998D8285-84E4-4274-89D7-378326BABEE9}"
	ProjectSection(ProjectDependencies) = postProject
		{D8C4BF91-96AB-4813-8806-CB1260915C18} = {D8C4BF91-96AB-4813-8806-CB1260915C18}
	EndProjectSection
EndProject
Global
	GlobalSection(SolutionConfigurationPlatforms) = preSolution
		Debug|Any CPU = Debug|Any CPU
		Release|Any CPU = Release|Any CPU
	EndGlobalSection
	GlobalSection(NestedProjects) = preSolution
		{41BA7F01-9B5A-4822-B371-65383AD26C67} = {95A5ADFA-AA2C-45A2-AE5D-625D92311DF9}
		{100757EF-C881-478C-963C-E056C9C938DA} = {95A5ADFA-AA2C-45A2-AE5D-625D92311DF9}
		{C13AA27D-ECCA-4DFB-9AC2-C09078E47EA8} = {100757EF-C881-478C-963C-E056C9C938DA}
		{58F46DAC-720C-40CE-801C-296B41BAC3F5} = {41BA7F01-9B5A-4822-B371-65383AD26C67}
		{CF28842E-92F4-4A74-B9FF-2D0896058C0E} = {100757EF-C881-478C-963C-E056C9C938DA}
		{1CB3C52B-5091-4050-BE02-B187C96D5903} = {100757EF-C881-478C-963C-E056C9C938DA}
		{DCA9928F-73F3-432A-AEB1-A93573817C3D} = {100757EF-C881-478C-963C-E056C9C938DA}
		{D8C4BF91-96AB-4813-8806-CB1260915C18} = {41BA7F01-9B5A-4822-B371-65383AD26C67}
		{6C237CD1-43DA-44BD-BB36-F4F0DAA9BE5B} = {41BA7F01-9B5A-4822-B371-65383AD26C67}
		{998D8285-84E4-4274-89D7-378326BABEE9} = {41BA7F01-9B5A-4822-B371-65383AD26C67}
	EndGlobalSection
	GlobalSection(ProjectConfigurationPlatforms) = postSolution
		{C13AA27D-ECCA-4DFB-9AC2-C09078E47EA8}.Debug|Any CPU.ActiveCfg = Debug|Any CPU
		{C13AA27D-ECCA-4DFB-9AC2-C09078E47EA8}.Debug|Any CPU.Build.0 = Debug|Any CPU
		{C13AA27D-ECCA-4DFB-9AC2-C09078E47EA8}.Release|Any CPU.ActiveCfg = Release|Any CPU
		{C13AA27D-ECCA-4DFB-9AC2-C09078E47EA8}.Release|Any CPU.Build.0 = Release|Any CPU
		{58F46DAC-720C-40CE-801C-296B41BAC3F5}.Debug|Any CPU.ActiveCfg = Debug|Any CPU
		{58F46DAC-720C-40CE-801C-296B41BAC3F5}.Debug|Any CPU.Build.0 = Debug|Any CPU
		{58F46DAC-720C-40CE-801C-296B41BAC3F5}.Release|Any CPU.ActiveCfg = Release|Any CPU
		{58F46DAC-720C-40CE-801C-296B41BAC3F5}.Release|Any CPU.Build.0 = Release|Any CPU
		{CF28842E-92F4-4A74-B9FF-2D0896058C0E}.Debug|Any CPU.ActiveCfg = Debug|Any CPU
		{CF28842E-92F4-4A74-B9FF-2D0896058C0E}.Debug|Any CPU.Build.0 = Debug|Any CPU
		{CF28842E-92F4-4A74-B9FF-2D0896058C0E}.Release|Any CPU.ActiveCfg = Release|Any CPU
		{CF28842E-92F4-4A74-B9FF-2D0896058C0E}.Release|Any CPU.Build.0 = Release|Any CPU
		{1CB3C52B-5091-4050-BE02-B187C96D5903}.Debug|Any CPU.ActiveCfg = Debug|Any CPU
		{1CB3C52B-5091-4050-BE02-B187C96D5903}.Debug|Any CPU.Build.0 = Debug|Any CPU
		{1CB3C52B-5091-4050-BE02-B187C96D5903}.Release|Any CPU.ActiveCfg = Release|Any CPU
		{1CB3C52B-5091-4050-BE02-B187C96D5903}.Release|Any CPU.Build.0 = Release|Any CPU
		{DCA9928F-73F3-432A-AEB1-A93573817C3D}.Debug|Any CPU.ActiveCfg = Debug|Any CPU
		{DCA9928F-73F3-432A-AEB1-A93573817C3D}.Debug|Any CPU.Build.0 = Debug|Any CPU
		{DCA9928F-73F3-432A-AEB1-A93573817C3D}.Release|Any CPU.ActiveCfg = Release|Any CPU
		{DCA9928F-73F3-432A-AEB1-A93573817C3D}.Release|Any CPU.Build.0 = Release|Any CPU
		{D8C4BF91-96AB-4813-8806-CB1260915C18}.Debug|Any CPU.ActiveCfg = Debug|Any CPU
		{D8C4BF91-96AB-4813-8806-CB1260915C18}.Debug|Any CPU.Build.0 = Debug|Any CPU
		{D8C4BF91-96AB-4813-8806-CB1260915C18}.Release|Any CPU.ActiveCfg = Release|Any CPU
		{D8C4BF91-96AB-4813-8806-CB1260915C18}.Release|Any CPU.Build.0 = Release|Any CPU
		{6C237CD1-43DA-44BD-BB36-F4F0DAA9BE5B}.Debug|Any CPU.ActiveCfg = Debug|Any CPU
		{6C237CD1-43DA-44BD-BB36-F4F0DAA9BE5B}.Debug|Any CPU.Build.0 = Debug|Any CPU
		{6C237CD1-43DA-44BD-BB36-F4F0DAA9BE5B}.Release|Any CPU.ActiveCfg = Release|Any CPU
		{6C237CD1-43DA-44BD-BB36-F4F0DAA9BE5B}.Release|Any CPU.Build.0 = Release|Any CPU
		{998D8285-84E4-4274-89D7-378326BABEE9}.Debug|Any CPU.ActiveCfg = Debug|Any CPU
		{998D8285-84E4-4274-89D7-378326BABEE9}.Debug|Any CPU.Build.0 = Debug|Any CPU
		{998D8285-84E4-4274-89D7-378326BABEE9}.Release|Any CPU.ActiveCfg = Release|Any CPU
		{998D8285-84E4-4274-89D7-378326BABEE9}.Release|Any CPU.Build.0 = Release|Any CPU
	EndGlobalSection
EndGlobal
